
Microsoft Visual Studio Solution File, Format Version 12.00
# Visual Studio Version 16
VisualStudioVersion = 16.0.31019.35
MinimumVisualStudioVersion = 10.0.40219.1
Project("{FAE04EC0-301F-11D3-BF4B-00C04F79EFBC}") = "DeviceClientWithPnP", "DeviceClientWithPnP\DeviceClientWithPnP.csproj", "{AF3618B2-B785-4A2B-94CB-D3A42DC1ED6B}"
EndProject
Global
	GlobalSection(SolutionConfigurationPlatforms) = preSolution
		Debug|Any CPU = Debug|Any CPU
		Release|Any CPU = Release|Any CPU
	EndGlobalSection
	GlobalSection(ProjectConfigurationPlatforms) = postSolution
		{AF3618B2-B785-4A2B-94CB-D3A42DC1ED6B}.Debug|Any CPU.ActiveCfg = Debug|Any CPU
		{AF3618B2-B785-4A2B-94CB-D3A42DC1ED6B}.Debug|Any CPU.Build.0 = Debug|Any CPU
		{AF3618B2-B785-4A2B-94CB-D3A42DC1ED6B}.Release|Any CPU.ActiveCfg = Release|Any CPU
		{AF3618B2-B785-4A2B-94CB-D3A42DC1ED6B}.Release|Any CPU.Build.0 = Release|Any CPU
	EndGlobalSection
	GlobalSection(SolutionProperties) = preSolution
		HideSolutionNode = FALSE
	EndGlobalSection
	GlobalSection(ExtensibilityGlobals) = postSolution
		SolutionGuid = {5412608A-DB9B-465B-BD03-3C4F92EFD792}
	EndGlobalSection
EndGlobal
